# THIS IS AN AUTOGENERATED FILE. DO NOT EDIT THIS FILE DIRECTLY.
# yarn lockfile v1


archy@^1.0.0:
  version "1.0.0"
  resolved "https://registry.yarnpkg.com/archy/-/archy-1.0.0.tgz#f9c8c13757cc1dd7bc379ac77b2c62a5c2868c40"
  integrity sha1-+cjBN1fMHde8N5rHeyxipcKGjEA=

commander@^5.0.0:
  version "5.1.0"
  resolved "https://registry.yarnpkg.com/commander/-/commander-5.1.0.tgz#46abbd1652f8e059bddaef99bbdcb2ad9cf179ae"
  integrity sha512-P0CysNDQ7rtVw4QIQtm+MRxV66vKFSvlsQvGYXZWR3qFU0jlMKHZZZgw8e+8DSah4UDKMqnknRDQz+xuQXQ/Zg==

create-error@^0.3.1:
  version "0.3.1"
  resolved "https://registry.yarnpkg.com/create-error/-/create-error-0.3.1.tgz#69810245a629e654432bf04377360003a5351a23"
  integrity sha1-aYECRaYp5lRDK/BDdzYAA6U1GiM=

directory-tree@^2.2.4:
  version "2.2.7"
  resolved "https://registry.yarnpkg.com/directory-tree/-/directory-tree-2.2.7.tgz#4617c794ee89d5618f03fffb7486c7e49df52ad2"
  integrity sha512-fgTad/YdV6Y2njsCRK4fl4ZUlGhmb5xj1qrZUIMjvnrKvghVqh8dkB+OUssjYVvb/Q2L+5+8XG0l5uTGI9/8iQ==

indexifier@^3.2.2:
  version "3.2.2"
  resolved "https://registry.yarnpkg.com/indexifier/-/indexifier-3.2.2.tgz#373cd2018328fd6eed3e33e01278cf7a8235315f"
  integrity sha512-yw63K/JN6vCS1p3lnYIRRs/QIJz9ws83anv1LmZMsl6QERZ1BSRIlaKQOY3yQEZt8N9H5Ku087NucRC3yudOqw==
  dependencies:
    archy "^1.0.0"
    commander "^5.0.0"
    create-error "^0.3.1"
    directory-tree "^2.2.4"
